
Microsoft Visual Studio Solution File, Format Version 12.00
# Visual Studio 15
VisualStudioVersion = 15.0.27428.2002
MinimumVisualStudioVersion = 10.0.40219.1
Project("{FAE04EC0-301F-11D3-BF4B-00C04F79EFBC}") = "TestOne_2", "TestOne_2\TestOne_2.csproj", "{0FEB31C6-EFDF-44B3-87C4-84634AE501F1}"
EndProject
Project("{FAE04EC0-301F-11D3-BF4B-00C04F79EFBC}") = "TestOne_3", "TestOne_3\TestOne_3.csproj", "{C01CDF81-2D0C-49A5-BC73-94BB247C8588}"
EndProject
Project("{FAE04EC0-301F-11D3-BF4B-00C04F79EFBC}") = "TestOne_1", "TestOne_1\TestOne_1.csproj", "{433084E4-EB98-413F-BCD5-021A7673EF2C}"
EndProject
Project("{FAE04EC0-301F-11D3-BF4B-00C04F79EFBC}") = "TestTwo_1", "TestTwo_1\TestTwo_1.csproj", "{24917B17-687F-4A7B-8284-467D346780BC}"
EndProject
Project("{FAE04EC0-301F-11D3-BF4B-00C04F79EFBC}") = "TestTwo_2", "TestTwo_2\TestTwo_2.csproj", "{DA1EAE21-911C-4B57-813C-EBAC67BA0DC0}"
EndProject
Project("{FAE04EC0-301F-11D3-BF4B-00C04F79EFBC}") = "TestTwo_3", "TestTwo_3\TestTwo_3.csproj", "{85302792-E0D8-4B89-8E1E-41E64147FC65}"
EndProject
Project("{FAE04EC0-301F-11D3-BF4B-00C04F79EFBC}") = "TestThree_3", "TestThree_3\TestThree_3.csproj", "{EB23B318-F4DC-4F0E-A450-4C5D1BD22781}"
EndProject
Project("{FAE04EC0-301F-11D3-BF4B-00C04F79EFBC}") = "TestThree_2", "TestThree_2\TestThree_2.csproj", "{60FE09FF-2F48-458E-8998-3A6E7267E2D1}"
EndProject
Project("{FAE04EC0-301F-11D3-BF4B-00C04F79EFBC}") = "TestThree_4", "TestThree_4\TestThree_4.csproj", "{CE06DF07-EB0E-4D7E-BA9A-266EF643353F}"
EndProject
Project("{FAE04EC0-301F-11D3-BF4B-00C04F79EFBC}") = "TestFour_1", "TestFour_1\TestFour_1.csproj", "{C6771562-4178-4FF6-81CF-03DEED672D3D}"
EndProject
Global
	GlobalSection(SolutionConfigurationPlatforms) = preSolution
		Debug|Any CPU = Debug|Any CPU
		Release|Any CPU = Release|Any CPU
	EndGlobalSection
	GlobalSection(ProjectConfigurationPlatforms) = postSolution
		{0FEB31C6-EFDF-44B3-87C4-84634AE501F1}.Debug|Any CPU.ActiveCfg = Debug|Any CPU
		{0FEB31C6-EFDF-44B3-87C4-84634AE501F1}.Debug|Any CPU.Build.0 = Debug|Any CPU
		{0FEB31C6-EFDF-44B3-87C4-84634AE501F1}.Release|Any CPU.ActiveCfg = Release|Any CPU
		{0FEB31C6-EFDF-44B3-87C4-84634AE501F1}.Release|Any CPU.Build.0 = Release|Any CPU
		{C01CDF81-2D0C-49A5-BC73-94BB247C8588}.Debug|Any CPU.ActiveCfg = Debug|Any CPU
		{C01CDF81-2D0C-49A5-BC73-94BB247C8588}.Debug|Any CPU.Build.0 = Debug|Any CPU
		{C01CDF81-2D0C-49A5-BC73-94BB247C8588}.Release|Any CPU.ActiveCfg = Release|Any CPU
		{C01CDF81-2D0C-49A5-BC73-94BB247C8588}.Release|Any CPU.Build.0 = Release|Any CPU
		{433084E4-EB98-413F-BCD5-021A7673EF2C}.Debug|Any CPU.ActiveCfg = Debug|Any CPU
		{433084E4-EB98-413F-BCD5-021A7673EF2C}.Debug|Any CPU.Build.0 = Debug|Any CPU
		{433084E4-EB98-413F-BCD5-021A7673EF2C}.Release|Any CPU.ActiveCfg = Release|Any CPU
		{433084E4-EB98-413F-BCD5-021A7673EF2C}.Release|Any CPU.Build.0 = Release|Any CPU
		{24917B17-687F-4A7B-8284-467D346780BC}.Debug|Any CPU.ActiveCfg = Debug|Any CPU
		{24917B17-687F-4A7B-8284-467D346780BC}.Debug|Any CPU.Build.0 = Debug|Any CPU
		{24917B17-687F-4A7B-8284-467D346780BC}.Release|Any CPU.ActiveCfg = Release|Any CPU
		{24917B17-687F-4A7B-8284-467D346780BC}.Release|Any CPU.Build.0 = Release|Any CPU
		{DA1EAE21-911C-4B57-813C-EBAC67BA0DC0}.Debug|Any CPU.ActiveCfg = Debug|Any CPU
		{DA1EAE21-911C-4B57-813C-EBAC67BA0DC0}.Debug|Any CPU.Build.0 = Debug|Any CPU
		{DA1EAE21-911C-4B57-813C-EBAC67BA0DC0}.Release|Any CPU.ActiveCfg = Release|Any CPU
		{DA1EAE21-911C-4B57-813C-EBAC67BA0DC0}.Release|Any CPU.Build.0 = Release|Any CPU
		{85302792-E0D8-4B89-8E1E-41E64147FC65}.Debug|Any CPU.ActiveCfg = Debug|Any CPU
		{85302792-E0D8-4B89-8E1E-41E64147FC65}.Debug|Any CPU.Build.0 = Debug|Any CPU
		{85302792-E0D8-4B89-8E1E-41E64147FC65}.Release|Any CPU.ActiveCfg = Release|Any CPU
		{85302792-E0D8-4B89-8E1E-41E64147FC65}.Release|Any CPU.Build.0 = Release|Any CPU
		{EB23B318-F4DC-4F0E-A450-4C5D1BD22781}.Debug|Any CPU.ActiveCfg = Debug|Any CPU
		{EB23B318-F4DC-4F0E-A450-4C5D1BD22781}.Debug|Any CPU.Build.0 = Debug|Any CPU
		{EB23B318-F4DC-4F0E-A450-4C5D1BD22781}.Release|Any CPU.ActiveCfg = Release|Any CPU
		{EB23B318-F4DC-4F0E-A450-4C5D1BD22781}.Release|Any CPU.Build.0 = Release|Any CPU
		{60FE09FF-2F48-458E-8998-3A6E7267E2D1}.Debug|Any CPU.ActiveCfg = Debug|Any CPU
		{60FE09FF-2F48-458E-8998-3A6E7267E2D1}.Debug|Any CPU.Build.0 = Debug|Any CPU
		{60FE09FF-2F48-458E-8998-3A6E7267E2D1}.Release|Any CPU.ActiveCfg = Release|Any CPU
		{60FE09FF-2F48-458E-8998-3A6E7267E2D1}.Release|Any CPU.Build.0 = Release|Any CPU
		{CE06DF07-EB0E-4D7E-BA9A-266EF643353F}.Debug|Any CPU.ActiveCfg = Debug|Any CPU
		{CE06DF07-EB0E-4D7E-BA9A-266EF643353F}.Debug|Any CPU.Build.0 = Debug|Any CPU
		{CE06DF07-EB0E-4D7E-BA9A-266EF643353F}.Release|Any CPU.ActiveCfg = Release|Any CPU
		{CE06DF07-EB0E-4D7E-BA9A-266EF643353F}.Release|Any CPU.Build.0 = Release|Any CPU
		{C6771562-4178-4FF6-81CF-03DEED672D3D}.Debug|Any CPU.ActiveCfg = Debug|Any CPU
		{C6771562-4178-4FF6-81CF-03DEED672D3D}.Debug|Any CPU.Build.0 = Debug|Any CPU
		{C6771562-4178-4FF6-81CF-03DEED672D3D}.Release|Any CPU.ActiveCfg = Release|Any CPU
		{C6771562-4178-4FF6-81CF-03DEED672D3D}.Release|Any CPU.Build.0 = Release|Any CPU
	EndGlobalSection
	GlobalSection(SolutionProperties) = preSolution
		HideSolutionNode = FALSE
	EndGlobalSection
	GlobalSection(ExtensibilityGlobals) = postSolution
		SolutionGuid = {1EB18D27-ED98-46CF-90B7-3B0BD231FB9C}
	EndGlobalSection
EndGlobal
