
Microsoft Visual Studio Solution File, Format Version 12.00
# Visual Studio 15
VisualStudioVersion = 15.0.27428.2002
MinimumVisualStudioVersion = 10.0.40219.1
Project("{FAE04EC0-301F-11D3-BF4B-00C04F79EFBC}") = "WebRepoManage", "WebRepoManage\WebRepoManage.csproj", "{C106A895-B8BD-457A-8505-70B87D5CBE73}"
EndProject
Global
	GlobalSection(SolutionConfigurationPlatforms) = preSolution
		Debug|Any CPU = Debug|Any CPU
		Release|Any CPU = Release|Any CPU
	EndGlobalSection
	GlobalSection(ProjectConfigurationPlatforms) = postSolution
		{C106A895-B8BD-457A-8505-70B87D5CBE73}.Debug|Any CPU.ActiveCfg = Debug|Any CPU
		{C106A895-B8BD-457A-8505-70B87D5CBE73}.Debug|Any CPU.Build.0 = Debug|Any CPU
		{C106A895-B8BD-457A-8505-70B87D5CBE73}.Release|Any CPU.ActiveCfg = Release|Any CPU
		{C106A895-B8BD-457A-8505-70B87D5CBE73}.Release|Any CPU.Build.0 = Release|Any CPU
	EndGlobalSection
	GlobalSection(SolutionProperties) = preSolution
		HideSolutionNode = FALSE
	EndGlobalSection
	GlobalSection(ExtensibilityGlobals) = postSolution
		SolutionGuid = {5A3BE188-4636-4653-94F1-30176A62AB20}
	EndGlobalSection
EndGlobal
